
Microsoft Visual Studio Solution File, Format Version 12.00
Project("{FAE04EC0-301F-11D3-BF4B-00C04F79EFBC}") = "Navigator", "Navigator\Navigator.csproj", "{4874B856-9C75-4B3D-87FF-11224B5EA187}"
EndProject
Project("{2150E333-8FDC-42A3-9474-1A3956D46DE8}") = "Libraries", "Libraries", "{8643CDA8-76DB-4A5C-8D6C-5701725405F1}"
EndProject
Global
	GlobalSection(SolutionConfigurationPlatforms) = preSolution
		Debug|Any CPU = Debug|Any CPU
		Release|Any CPU = Release|Any CPU
	EndGlobalSection
	GlobalSection(ProjectConfigurationPlatforms) = postSolution
		{4874B856-9C75-4B3D-87FF-11224B5EA187}.Debug|Any CPU.ActiveCfg = Debug|Any CPU
		{4874B856-9C75-4B3D-87FF-11224B5EA187}.Debug|Any CPU.Build.0 = Debug|Any CPU
		{4874B856-9C75-4B3D-87FF-11224B5EA187}.Release|Any CPU.ActiveCfg = Release|Any CPU
		{4874B856-9C75-4B3D-87FF-11224B5EA187}.Release|Any CPU.Build.0 = Release|Any CPU
	EndGlobalSection
	GlobalSection(NestedProjects) = preSolution
	EndGlobalSection
EndGlobal
